
Microsoft Visual Studio Solution File, Format Version 12.00
# Visual Studio Version 16
VisualStudioVersion = 16.0.30320.27
MinimumVisualStudioVersion = 10.0.40219.1
Project("{FAE04EC0-301F-11D3-BF4B-00C04F79EFBC}") = "AI Con", "AI Con\AI Con.csproj", "{084CA975-C07C-4C0A-AC93-A855F92D8B4D}"
EndProject
Global
	GlobalSection(SolutionConfigurationPlatforms) = preSolution
		Debug|Any CPU = Debug|Any CPU
		Release|Any CPU = Release|Any CPU
	EndGlobalSection
	GlobalSection(ProjectConfigurationPlatforms) = postSolution
		{084CA975-C07C-4C0A-AC93-A855F92D8B4D}.Debug|Any CPU.ActiveCfg = Debug|Any CPU
		{084CA975-C07C-4C0A-AC93-A855F92D8B4D}.Debug|Any CPU.Build.0 = Debug|Any CPU
		{084CA975-C07C-4C0A-AC93-A855F92D8B4D}.Release|Any CPU.ActiveCfg = Release|Any CPU
		{084CA975-C07C-4C0A-AC93-A855F92D8B4D}.Release|Any CPU.Build.0 = Release|Any CPU
	EndGlobalSection
	GlobalSection(SolutionProperties) = preSolution
		HideSolutionNode = FALSE
	EndGlobalSection
	GlobalSection(ExtensibilityGlobals) = postSolution
		SolutionGuid = {A6BBF82D-0568-4F2F-9DBC-B2F095817C6E}
	EndGlobalSection
EndGlobal
